
Microsoft Visual Studio Solution File, Format Version 12.00
# Visual Studio Version 16
VisualStudioVersion = 16.0.33423.256
MinimumVisualStudioVersion = 10.0.40219.1
Project("{FAE04EC0-301F-11D3-BF4B-00C04F79EFBC}") = "ChatApplication", "ChatApplication\ChatApplication.csproj", "{1D44FE21-B709-4ECC-92CC-DB081268B45B}"
EndProject
Global
	GlobalSection(SolutionConfigurationPlatforms) = preSolution
		Debug|Any CPU = Debug|Any CPU
		Release|Any CPU = Release|Any CPU
	EndGlobalSection
	GlobalSection(ProjectConfigurationPlatforms) = postSolution
		{1D44FE21-B709-4ECC-92CC-DB081268B45B}.Debug|Any CPU.ActiveCfg = Debug|Any CPU
		{1D44FE21-B709-4ECC-92CC-DB081268B45B}.Debug|Any CPU.Build.0 = Debug|Any CPU
		{1D44FE21-B709-4ECC-92CC-DB081268B45B}.Release|Any CPU.ActiveCfg = Release|Any CPU
		{1D44FE21-B709-4ECC-92CC-DB081268B45B}.Release|Any CPU.Build.0 = Release|Any CPU
	EndGlobalSection
	GlobalSection(SolutionProperties) = preSolution
		HideSolutionNode = FALSE
	EndGlobalSection
	GlobalSection(ExtensibilityGlobals) = postSolution
		SolutionGuid = {B5746715-5ECC-4A26-8F7A-A989FEAADC78}
	EndGlobalSection
EndGlobal
